
Microsoft Visual Studio Solution File, Format Version 12.00
Project("{2150E333-8FDC-42A3-9474-1A3956D46DE8}") = "src", "src", "{DD6CD06A-9B56-4E6B-BE79-A82991635A45}"
EndProject
Project("{2150E333-8FDC-42A3-9474-1A3956D46DE8}") = "tests", "tests", "{65F44782-B7D4-4BFB-8D34-E98A1C9D82DA}"
EndProject
Project("{FAE04EC0-301F-11D3-BF4B-00C04F79EFBC}") = "Vendas.Domain", "Vendas.Domain\Vendas.Domain.csproj", "{4A0F30B7-2028-4C7E-8A6F-39F1970B0352}"
EndProject
Project("{FAE04EC0-301F-11D3-BF4B-00C04F79EFBC}") = "Vendas.Domain.Tests", "Vendas.Domain.Tests\Vendas.Domain.Tests.csproj", "{E7CC89C0-1CEF-460F-A434-BD4EA62A0295}"
EndProject
Global
	GlobalSection(SolutionConfigurationPlatforms) = preSolution
		Debug|Any CPU = Debug|Any CPU
		Release|Any CPU = Release|Any CPU
	EndGlobalSection
	GlobalSection(NestedProjects) = preSolution
		{4A0F30B7-2028-4C7E-8A6F-39F1970B0352} = {DD6CD06A-9B56-4E6B-BE79-A82991635A45}
		{E7CC89C0-1CEF-460F-A434-BD4EA62A0295} = {65F44782-B7D4-4BFB-8D34-E98A1C9D82DA}
	EndGlobalSection
	GlobalSection(ProjectConfigurationPlatforms) = postSolution
		{4A0F30B7-2028-4C7E-8A6F-39F1970B0352}.Debug|Any CPU.ActiveCfg = Debug|Any CPU
		{4A0F30B7-2028-4C7E-8A6F-39F1970B0352}.Debug|Any CPU.Build.0 = Debug|Any CPU
		{4A0F30B7-2028-4C7E-8A6F-39F1970B0352}.Release|Any CPU.ActiveCfg = Release|Any CPU
		{4A0F30B7-2028-4C7E-8A6F-39F1970B0352}.Release|Any CPU.Build.0 = Release|Any CPU
		{E7CC89C0-1CEF-460F-A434-BD4EA62A0295}.Debug|Any CPU.ActiveCfg = Debug|Any CPU
		{E7CC89C0-1CEF-460F-A434-BD4EA62A0295}.Debug|Any CPU.Build.0 = Debug|Any CPU
		{E7CC89C0-1CEF-460F-A434-BD4EA62A0295}.Release|Any CPU.ActiveCfg = Release|Any CPU
		{E7CC89C0-1CEF-460F-A434-BD4EA62A0295}.Release|Any CPU.Build.0 = Release|Any CPU
	EndGlobalSection
EndGlobal
